// !$*UTF8*$!
{
	archiveVersion = 1;
	classes = {
	};
	objectVersion = 46;
	objects = {

/* Begin PBXBuildFile section */
		848ABFBA1AFABAE100BD4FBD /* main.cpp in Sources */ = {isa = PBXBuildFile; fileRef = 848ABFB91AFABAE100BD4FBD /* main.cpp */; };
/* End PBXBuildFile section */

/* Begin PBXCopyFilesBuildPhase section */
		848ABFB41AFABAE100BD4FBD /* CopyFiles */ = {
			isa = PBXCopyFilesBuildPhase;
			buildActionMask = 2147483647;
			dstPath = /usr/share/man/man1/;
			dstSubfolderSpec = 0;
			files = (
			);
			runOnlyForDeploymentPostprocessing = 1;
		};
/* End PBXCopyFilesBuildPhase section */

/* Begin PBXFileReference section */
		848ABFB61AFABAE100BD4FBD /* PrimesCount */ = {isa = PBXFileReference; explicitFileType = "compiled.mach-o.executable"; includeInIndex = 0; path = PrimesCount; sourceTree = BUILT_PRODUCTS_DIR; };
		848ABFB91AFABAE100BD4FBD /* main.cpp */ = {isa = PBXFileReference; lastKnownFileType = sourcecode.cpp.cpp; path = main.cpp; sourceTree = "<group>"; };
/* End PBXFileReference section */

/* Begin PBXFrameworksBuildPhase section */
		848ABFB31AFABAE100BD4FBD /* Frameworks */ = {
			isa = PBXFrameworksBuildPhase;
			buildActionMask = 2147483647;
			files = (
			);
			runOnlyForDeploymentPostprocessing = 0;
		};
/* End PBXFrameworksBuildPhase section */

/* Begin PBXGroup section */
		848ABFAD1AFABAE100BD4FBD = {
			isa = PBXGroup;
			children = (
				848ABFB81AFABAE100BD4FBD /* PrimesCount */,
				848ABFB71AFABAE100BD4FBD /* Products */,
			);
			sourceTree = "<group>";
		};
		848ABFB71AFABAE100BD4FBD /* Products */ = {
			isa = PBXGroup;
			children = (
				848ABFB61AFABAE100BD4FBD /* PrimesCount */,
			);
			name = Products;
			sourceTree = "<group>";
		};
		848ABFB81AFABAE100BD4FBD /* PrimesCount */ = {
			isa = PBXGroup;
			children = (
				848ABFB91AFABAE100BD4FBD /* main.cpp */,
			);
			path = PrimesCount;
			sourceTree = "<group>";
		};
/* End PBXGroup section */

/* Begin PBXNativeTarget section */
		848ABFB51AFABAE100BD4FBD /* PrimesCount */ = {
			isa = PBXNativeTarget;
			buildConfigurationList = 848ABFBD1AFABAE100BD4FBD /* Build configuration list for PBXNativeTarget "PrimesCount" */;
			buildPhases = (
				848ABFB21AFABAE100BD4FBD /* Sources */,
				848ABFB31AFABAE100BD4FBD /* Frameworks */,
				848ABFB41AFABAE100BD4FBD /* CopyFiles */,
			);
			buildRules = (
			);
			dependencies = (
			);
			name = PrimesCount;
			productName = PrimesCount;
			productReference = 848ABFB61AFABAE100BD4FBD /* PrimesCount */;
			productType = "com.apple.product-type.tool";
		};
/* End PBXNativeTarget section */

/* Begin PBXProject section */
		848ABFAE1AFABAE100BD4FBD /* Project object */ = {
			isa = PBXProject;
			attributes = {
				LastUpgradeCheck = 0630;
				ORGANIZATIONNAME = "黄 美强";
				TargetAttributes = {
					848ABFB51AFABAE100BD4FBD = {
						CreatedOnToolsVersion = 6.3.1;
					};
				};
			};
			buildConfigurationList = 848ABFB11AFABAE100BD4FBD /* Build configuration list for PBXProject "PrimesCount" */;
			compatibilityVersion = "Xcode 3.2";
			developmentRegion = English;
			hasScannedForEncodings = 0;
			knownRegions = (
				en,
			);
			mainGroup = 848ABFAD1AFABAE100BD4FBD;
			productRefGroup = 848ABFB71AFABAE100BD4FBD /* Products */;
			projectDirPath = "";
			projectRoot = "";
			targets = (
				848ABFB51AFABAE100BD4FBD /* PrimesCount */,
			);
		};
/* End PBXProject section */

/* Begin PBXSourcesBuildPhase section */
		848ABFB21AFABAE100BD4FBD /* Sources */ = {
			isa = PBXSourcesBuildPhase;
			buildActionMask = 2147483647;
			files = (
				848ABFBA1AFABAE100BD4FBD /* main.cpp in Sources */,
			);
			runOnlyForDeploymentPostprocessing = 0;
		};
/* End PBXSourcesBuildPhase section */

/* Begin XCBuildConfiguration section */
		848ABFBB1AFABAE100BD4FBD /* Debug */ = {
			isa = XCBuildConfiguration;
			buildSettings = {
				ALWAYS_SEARCH_USER_PATHS = NO;
				CLANG_CXX_LANGUAGE_STANDARD = "gnu++0x";
				CLANG_CXX_LIBRARY = "libc++";
				CLANG_ENABLE_MODULES = YES;
				CLANG_ENABLE_OBJC_ARC = YES;
				CLANG_WARN_BOOL_CONVERSION = YES;
				CLANG_WARN_CONSTANT_CONVERSION = YES;
				CLANG_WARN_DIRECT_OBJC_ISA_USAGE = YES_ERROR;
				CLANG_WARN_EMPTY_BODY = YES;
				CLANG_WARN_ENUM_CONVERSION = YES;
				CLANG_WARN_INT_CONVERSION = YES;
				CLANG_WARN_OBJC_ROOT_CLASS = YES_ERROR;
				CLANG_WARN_UNREACHABLE_CODE = YES;
				CLANG_WARN__DUPLICATE_METHOD_MATCH = YES;
				COPY_PHASE_STRIP = NO;
				DEBUG_INFORMATION_FORMAT = dwarf;
				ENABLE_STRICT_OBJC_MSGSEND = YES;
				GCC_C_LANGUAGE_STANDARD = gnu99;
				GCC_DYNAMIC_NO_PIC = NO;
				GCC_NO_COMMON_BLOCKS = YES;
				GCC_OPTIMIZATION_LEVEL = 0;
				GCC_PREPROCESSOR_DEFINITIONS = (
					"DEBUG=1",
					"$(inherited)",
				);
				GCC_SYMBOLS_PRIVATE_EXTERN = NO;
				GCC_WARN_64_TO_32_BIT_CONVERSION = YES;
				GCC_WARN_ABOUT_RETURN_TYPE = YES_ERROR;
				GCC_WARN_UNDECLARED_SELECTOR = YES;
				GCC_WARN_UNINITIALIZED_AUTOS = YES_AGGRESSIVE;
				GCC_WARN_UNUSED_FUNCTION = YES;
				GCC_WARN_UNUSED_VARIABLE = YES;
				MACOSX_DEPLOYMENT_TARGET = 10.10;
				MTL_ENABLE_DEBUG_INFO = YES;
				ONLY_ACTIVE_ARCH = YES;
				SDKROOT = macosx;
			};
			name = Debug;
		};
		848ABFBC1AFABAE100BD4FBD /* Release */ = {
			isa = XCBuildConfiguration;
			buildSettings = {
				ALWAYS_SEARCH_USER_PATHS = NO;
				CLANG_CXX_LANGUAGE_STANDARD = "gnu++0x";
				CLANG_CXX_LIBRARY = "libc++";
				CLANG_ENABLE_MODULES = YES;
				CLANG_ENABLE_OBJC_ARC = YES;
				CLANG_WARN_BOOL_CONVERSION = YES;
				CLANG_WARN_CONSTANT_CONVERSION = YES;
				CLANG_WARN_DIRECT_OBJC_ISA_USAGE = YES_ERROR;
				CLANG_WARN_EMPTY_BODY = YES;
				CLANG_WARN_ENUM_CONVERSION = YES;
				CLANG_WARN_INT_CONVERSION = YES;
				CLANG_WARN_OBJC_ROOT_CLASS = YES_ERROR;
				CLANG_WARN_UNREACHABLE_CODE = YES;
				CLANG_WARN__DUPLICATE_METHOD_MATCH = YES;
				COPY_PHASE_STRIP = NO;
				DEBUG_INFORMATION_FORMAT = "dwarf-with-dsym";
				ENABLE_NS_ASSERTIONS = NO;
				ENABLE_STRICT_OBJC_MSGSEND = YES;
				GCC_C_LANGUAGE_STANDARD = gnu99;
				GCC_NO_COMMON_BLOCKS = YES;
				GCC_WARN_64_TO_32_BIT_CONVERSION = YES;
				GCC_WARN_ABOUT_RETURN_TYPE = YES_ERROR;
				GCC_WARN_UNDECLARED_SELECTOR = YES;
				GCC_WARN_UNINITIALIZED_AUTOS = YES_AGGRESSIVE;
				GCC_WARN_UNUSED_FUNCTION = YES;
				GCC_WARN_UNUSED_VARIABLE = YES;
				MACOSX_DEPLOYMENT_TARGET = 10.10;
				MTL_ENABLE_DEBUG_INFO = NO;
				SDKROOT = macosx;
			};
			name = Release;
		};
		848ABFBE1AFABAE100BD4FBD /* Debug */ = {
			isa = XCBuildConfiguration;
			buildSettings = {
				PRODUCT_NAME = "$(TARGET_NAME)";
			};
			name = Debug;
		};
		848ABFBF1AFABAE100BD4FBD /* Release */ = {
			isa = XCBuildConfiguration;
			buildSettings = {
				PRODUCT_NAME = "$(TARGET_NAME)";
			};
			name = Release;
		};
/* End XCBuildConfiguration section */

/* Begin XCConfigurationList section */
		848ABFB11AFABAE100BD4FBD /* Build configuration list for PBXProject "PrimesCount" */ = {
			isa = XCConfigurationList;
			buildConfigurations = (
				848ABFBB1AFABAE100BD4FBD /* Debug */,
				848ABFBC1AFABAE100BD4FBD /* Release */,
			);
			defaultConfigurationIsVisible = 0;
			defaultConfigurationName = Release;
		};
		848ABFBD1AFABAE100BD4FBD /* Build configuration list for PBXNativeTarget "PrimesCount" */ = {
			isa = XCConfigurationList;
			buildConfigurations = (
				848ABFBE1AFABAE100BD4FBD /* Debug */,
				848ABFBF1AFABAE100BD4FBD /* Release */,
			);
			defaultConfigurationIsVisible = 0;
		};
/* End XCConfigurationList section */
	};
	rootObject = 848ABFAE1AFABAE100BD4FBD /* Project object */;
}
